
Microsoft Visual Studio Solution File, Format Version 12.00
# Visual Studio Version 16
VisualStudioVersion = 16.0.29209.62
MinimumVisualStudioVersion = 10.0.40219.1
Project("{FAE04EC0-301F-11D3-BF4B-00C04F79EFBC}") = "QuickPass", "QuickPass\QuickPass.csproj", "{7E020455-65F0-4496-883B-6D9F65E75C86}"
EndProject
Global
	GlobalSection(SolutionConfigurationPlatforms) = preSolution
		Debug|Any CPU = Debug|Any CPU
		Release|Any CPU = Release|Any CPU
	EndGlobalSection
	GlobalSection(ProjectConfigurationPlatforms) = postSolution
		{7E020455-65F0-4496-883B-6D9F65E75C86}.Debug|Any CPU.ActiveCfg = Debug|Any CPU
		{7E020455-65F0-4496-883B-6D9F65E75C86}.Debug|Any CPU.Build.0 = Debug|Any CPU
		{7E020455-65F0-4496-883B-6D9F65E75C86}.Release|Any CPU.ActiveCfg = Release|Any CPU
		{7E020455-65F0-4496-883B-6D9F65E75C86}.Release|Any CPU.Build.0 = Release|Any CPU
	EndGlobalSection
	GlobalSection(SolutionProperties) = preSolution
		HideSolutionNode = FALSE
	EndGlobalSection
	GlobalSection(ExtensibilityGlobals) = postSolution
		SolutionGuid = {F3F3B009-B86B-43DF-98A9-32571CDCFF5D}
	EndGlobalSection
EndGlobal
